
Microsoft Visual Studio Solution File, Format Version 10.00
# Visual Studio 2008
Project("{FAE04EC0-301F-11D3-BF4B-00C04F79EFBC}") = "OBDReap", "OBDReap\OBDReap.csproj", "{D9A75554-02FD-42B7-8872-0276717FA84A}"
EndProject
Project("{FAE04EC0-301F-11D3-BF4B-00C04F79EFBC}") = "OBDReapTestProject", "OBDReapTestProject\OBDReapTestProject.csproj", "{9541011D-F162-46BF-BCE6-8B73EAF1B97A}"
EndProject
Project("{2150E333-8FDC-42A3-9474-1A3956D46DE8}") = "Solution Items", "Solution Items", "{B25ACAD3-D613-4266-A245-130FD3AE5A4B}"
	ProjectSection(SolutionItems) = preProject
		LocalTestRun.testrunconfig = LocalTestRun.testrunconfig
		OBDReap.vsmdi = OBDReap.vsmdi
		OBDReap1.vsmdi = OBDReap1.vsmdi
	EndProjectSection
EndProject
Project("{54435603-DBB4-11D2-8724-00A0C9A8B90C}") = "Setup", "Setup\Setup.vdproj", "{5C3BFB53-C9CD-4CFD-862B-2696474317DB}"
EndProject
Global
	GlobalSection(TestCaseManagementSettings) = postSolution
		CategoryFile = OBDReap1.vsmdi
	EndGlobalSection
	GlobalSection(SolutionConfigurationPlatforms) = preSolution
		Debug|Any CPU = Debug|Any CPU
		Release|Any CPU = Release|Any CPU
	EndGlobalSection
	GlobalSection(ProjectConfigurationPlatforms) = postSolution
		{D9A75554-02FD-42B7-8872-0276717FA84A}.Debug|Any CPU.ActiveCfg = Debug|Any CPU
		{D9A75554-02FD-42B7-8872-0276717FA84A}.Debug|Any CPU.Build.0 = Debug|Any CPU
		{D9A75554-02FD-42B7-8872-0276717FA84A}.Release|Any CPU.ActiveCfg = Release|Any CPU
		{D9A75554-02FD-42B7-8872-0276717FA84A}.Release|Any CPU.Build.0 = Release|Any CPU
		{9541011D-F162-46BF-BCE6-8B73EAF1B97A}.Debug|Any CPU.ActiveCfg = Debug|Any CPU
		{9541011D-F162-46BF-BCE6-8B73EAF1B97A}.Debug|Any CPU.Build.0 = Debug|Any CPU
		{9541011D-F162-46BF-BCE6-8B73EAF1B97A}.Release|Any CPU.ActiveCfg = Release|Any CPU
		{9541011D-F162-46BF-BCE6-8B73EAF1B97A}.Release|Any CPU.Build.0 = Release|Any CPU
		{5C3BFB53-C9CD-4CFD-862B-2696474317DB}.Debug|Any CPU.ActiveCfg = Debug
		{5C3BFB53-C9CD-4CFD-862B-2696474317DB}.Release|Any CPU.ActiveCfg = Release
	EndGlobalSection
	GlobalSection(SolutionProperties) = preSolution
		HideSolutionNode = FALSE
	EndGlobalSection
EndGlobal
